
Microsoft Visual Studio Solution File, Format Version 12.00
# Visual Studio Version 16
VisualStudioVersion = 16.0.29326.143
MinimumVisualStudioVersion = 10.0.40219.1
Project("{FAE04EC0-301F-11D3-BF4B-00C04F79EFBC}") = "BankExtract.UI.Web", "BankExtract.UI.Web\BankExtract.UI.Web.csproj", "{0F02715A-12E9-4E15-ACEC-6472D99888A1}"
EndProject
Global
	GlobalSection(SolutionConfigurationPlatforms) = preSolution
		Debug|Any CPU = Debug|Any CPU
		Release|Any CPU = Release|Any CPU
	EndGlobalSection
	GlobalSection(ProjectConfigurationPlatforms) = postSolution
		{0F02715A-12E9-4E15-ACEC-6472D99888A1}.Debug|Any CPU.ActiveCfg = Debug|Any CPU
		{0F02715A-12E9-4E15-ACEC-6472D99888A1}.Debug|Any CPU.Build.0 = Debug|Any CPU
		{0F02715A-12E9-4E15-ACEC-6472D99888A1}.Release|Any CPU.ActiveCfg = Release|Any CPU
		{0F02715A-12E9-4E15-ACEC-6472D99888A1}.Release|Any CPU.Build.0 = Release|Any CPU
	EndGlobalSection
	GlobalSection(SolutionProperties) = preSolution
		HideSolutionNode = FALSE
	EndGlobalSection
	GlobalSection(ExtensibilityGlobals) = postSolution
		SolutionGuid = {F1FABB63-1C6E-42D2-BF99-C655E0353B2C}
	EndGlobalSection
EndGlobal
